// !$*UTF8*$!
{
	archiveVersion = 1;
	classes = {
	};
	objectVersion = 56;
	objects = {

/* Begin PBXBuildFile section */
		C9F842ED29ECA48A00C2C010 /* XcodeRun.c in Sources */ = {isa = PBXBuildFile; fileRef = C9F842EC29ECA48A00C2C010 /* XcodeRun.c */; };
/* End PBXBuildFile section */

/* Begin PBXCopyFilesBuildPhase section */
		C9F8359129EC9F2000C2C010 /* CopyFiles */ = {
			isa = PBXCopyFilesBuildPhase;
			buildActionMask = 2147483647;
			dstPath = /usr/share/man/man1/;
			dstSubfolderSpec = 0;
			files = (
			);
			runOnlyForDeploymentPostprocessing = 1;
		};
		C9F842DD29ECA18D00C2C010 /* CopyFiles */ = {
			isa = PBXCopyFilesBuildPhase;
			buildActionMask = 2147483647;
			dstPath = /usr/share/man/man1/;
			dstSubfolderSpec = 0;
			files = (
			);
			runOnlyForDeploymentPostprocessing = 1;
		};
/* End PBXCopyFilesBuildPhase section */

/* Begin PBXFileReference section */
		C9F8358C29EC50E100C2C010 /* scripts */ = {isa = PBXFileReference; lastKnownFileType = folder; path = scripts; sourceTree = "<group>"; };
		C9F8358D29EC50E100C2C010 /* env */ = {isa = PBXFileReference; lastKnownFileType = folder; path = env; sourceTree = "<group>"; };
		C9F8359329EC9F2000C2C010 /* XcodeRun */ = {isa = PBXFileReference; explicitFileType = "compiled.mach-o.executable"; includeInIndex = 0; path = XcodeRun; sourceTree = BUILT_PRODUCTS_DIR; };
		C9F842DF29ECA18D00C2C010 /* Autocompletion */ = {isa = PBXFileReference; explicitFileType = "compiled.mach-o.executable"; includeInIndex = 0; path = Autocompletion; sourceTree = BUILT_PRODUCTS_DIR; };
		C9F842EC29ECA48A00C2C010 /* XcodeRun.c */ = {isa = PBXFileReference; fileEncoding = 4; lastKnownFileType = sourcecode.c.c; path = XcodeRun.c; sourceTree = "<group>"; };
		C9F849FF29EDC37800C2C010 /* README.md */ = {isa = PBXFileReference; lastKnownFileType = net.daringfireball.markdown; path = README.md; sourceTree = "<group>"; };
/* End PBXFileReference section */

/* Begin PBXFrameworksBuildPhase section */
		C9F8359029EC9F2000C2C010 /* Frameworks */ = {
			isa = PBXFrameworksBuildPhase;
			buildActionMask = 2147483647;
			files = (
			);
			runOnlyForDeploymentPostprocessing = 0;
		};
		C9F842DC29ECA18D00C2C010 /* Frameworks */ = {
			isa = PBXFrameworksBuildPhase;
			buildActionMask = 2147483647;
			files = (
			);
			runOnlyForDeploymentPostprocessing = 0;
		};
/* End PBXFrameworksBuildPhase section */

/* Begin PBXGroup section */
		C9F8358129EC4FCB00C2C010 = {
			isa = PBXGroup;
			children = (
				C9F8358D29EC50E100C2C010 /* env */,
				C9F8358C29EC50E100C2C010 /* scripts */,
				C9F842EC29ECA48A00C2C010 /* XcodeRun.c */,
				C9F849FF29EDC37800C2C010 /* README.md */,
				C9F8359429EC9F2000C2C010 /* Products */,
			);
			sourceTree = "<group>";
		};
		C9F8359429EC9F2000C2C010 /* Products */ = {
			isa = PBXGroup;
			children = (
				C9F8359329EC9F2000C2C010 /* XcodeRun */,
				C9F842DF29ECA18D00C2C010 /* Autocompletion */,
			);
			name = Products;
			sourceTree = "<group>";
		};
/* End PBXGroup section */

/* Begin PBXLegacyTarget section */
		C9F8358629EC4FCB00C2C010 /* HelloWorld */ = {
			isa = PBXLegacyTarget;
			buildArgumentsString = "$(PRODUCT_NAME) $(ACTION)";
			buildConfigurationList = C9F8358929EC4FCB00C2C010 /* Build configuration list for PBXLegacyTarget "HelloWorld" */;
			buildPhases = (
			);
			buildToolPath = "scripts/04-build.sh";
			buildWorkingDirectory = "";
			dependencies = (
			);
			name = HelloWorld;
			passBuildSettingsInEnvironment = 1;
			productName = __TemplateProject__;
		};
/* End PBXLegacyTarget section */

/* Begin PBXNativeTarget section */
		C9F8359229EC9F2000C2C010 /* XcodeRun */ = {
			isa = PBXNativeTarget;
			buildConfigurationList = C9F8359829EC9F2000C2C010 /* Build configuration list for PBXNativeTarget "XcodeRun" */;
			buildPhases = (
				C9F8358F29EC9F2000C2C010 /* Sources */,
				C9F8359029EC9F2000C2C010 /* Frameworks */,
				C9F8359129EC9F2000C2C010 /* CopyFiles */,
			);
			buildRules = (
			);
			dependencies = (
			);
			name = XcodeRun;
			productName = XcodeRun;
			productReference = C9F8359329EC9F2000C2C010 /* XcodeRun */;
			productType = "com.apple.product-type.tool";
		};
		C9F842DE29ECA18D00C2C010 /* Autocompletion */ = {
			isa = PBXNativeTarget;
			buildConfigurationList = C9F842E329ECA18D00C2C010 /* Build configuration list for PBXNativeTarget "Autocompletion" */;
			buildPhases = (
				C9F842DB29ECA18D00C2C010 /* Sources */,
				C9F842DC29ECA18D00C2C010 /* Frameworks */,
				C9F842DD29ECA18D00C2C010 /* CopyFiles */,
			);
			buildRules = (
			);
			dependencies = (
			);
			name = Autocompletion;
			productName = Autocompletion;
			productReference = C9F842DF29ECA18D00C2C010 /* Autocompletion */;
			productType = "com.apple.product-type.tool";
		};
/* End PBXNativeTarget section */

/* Begin PBXProject section */
		C9F8358229EC4FCB00C2C010 /* Project object */ = {
			isa = PBXProject;
			attributes = {
				BuildIndependentTargetsInParallel = 1;
				LastUpgradeCheck = 1420;
				TargetAttributes = {
					C9F8358629EC4FCB00C2C010 = {
						CreatedOnToolsVersion = 14.2;
					};
					C9F8359229EC9F2000C2C010 = {
						CreatedOnToolsVersion = 14.2;
					};
					C9F842DE29ECA18D00C2C010 = {
						CreatedOnToolsVersion = 14.2;
					};
				};
			};
			buildConfigurationList = C9F8358529EC4FCB00C2C010 /* Build configuration list for PBXProject "HelloWorld" */;
			compatibilityVersion = "Xcode 14.0";
			developmentRegion = en;
			hasScannedForEncodings = 0;
			knownRegions = (
				en,
				Base,
			);
			mainGroup = C9F8358129EC4FCB00C2C010;
			productRefGroup = C9F8359429EC9F2000C2C010 /* Products */;
			projectDirPath = "";
			projectRoot = "";
			targets = (
				C9F8358629EC4FCB00C2C010 /* HelloWorld */,
				C9F8359229EC9F2000C2C010 /* XcodeRun */,
				C9F842DE29ECA18D00C2C010 /* Autocompletion */,
			);
		};
/* End PBXProject section */

/* Begin PBXSourcesBuildPhase section */
		C9F8358F29EC9F2000C2C010 /* Sources */ = {
			isa = PBXSourcesBuildPhase;
			buildActionMask = 2147483647;
			files = (
				C9F842ED29ECA48A00C2C010 /* XcodeRun.c in Sources */,
			);
			runOnlyForDeploymentPostprocessing = 0;
		};
		C9F842DB29ECA18D00C2C010 /* Sources */ = {
			isa = PBXSourcesBuildPhase;
			buildActionMask = 2147483647;
			files = (
			);
			runOnlyForDeploymentPostprocessing = 0;
		};
/* End PBXSourcesBuildPhase section */

/* Begin XCBuildConfiguration section */
		C9F8358729EC4FCB00C2C010 /* Debug */ = {
			isa = XCBuildConfiguration;
			buildSettings = {
				ALWAYS_SEARCH_USER_PATHS = NO;
				CLANG_ANALYZER_NONNULL = YES;
				CLANG_ANALYZER_NUMBER_OBJECT_CONVERSION = YES_AGGRESSIVE;
				CLANG_CXX_LANGUAGE_STANDARD = "gnu++20";
				CLANG_ENABLE_MODULES = YES;
				CLANG_ENABLE_OBJC_ARC = YES;
				CLANG_ENABLE_OBJC_WEAK = YES;
				CLANG_WARN_BLOCK_CAPTURE_AUTORELEASING = YES;
				CLANG_WARN_BOOL_CONVERSION = YES;
				CLANG_WARN_COMMA = YES;
				CLANG_WARN_CONSTANT_CONVERSION = YES;
				CLANG_WARN_DEPRECATED_OBJC_IMPLEMENTATIONS = YES;
				CLANG_WARN_DIRECT_OBJC_ISA_USAGE = YES_ERROR;
				CLANG_WARN_DOCUMENTATION_COMMENTS = YES;
				CLANG_WARN_EMPTY_BODY = YES;
				CLANG_WARN_ENUM_CONVERSION = YES;
				CLANG_WARN_INFINITE_RECURSION = YES;
				CLANG_WARN_INT_CONVERSION = YES;
				CLANG_WARN_NON_LITERAL_NULL_CONVERSION = YES;
				CLANG_WARN_OBJC_IMPLICIT_RETAIN_SELF = YES;
				CLANG_WARN_OBJC_LITERAL_CONVERSION = YES;
				CLANG_WARN_OBJC_ROOT_CLASS = YES_ERROR;
				CLANG_WARN_QUOTED_INCLUDE_IN_FRAMEWORK_HEADER = YES;
				CLANG_WARN_RANGE_LOOP_ANALYSIS = YES;
				CLANG_WARN_STRICT_PROTOTYPES = YES;
				CLANG_WARN_SUSPICIOUS_MOVE = YES;
				CLANG_WARN_UNGUARDED_AVAILABILITY = YES_AGGRESSIVE;
				CLANG_WARN_UNREACHABLE_CODE = YES;
				CLANG_WARN__DUPLICATE_METHOD_MATCH = YES;
				COPY_PHASE_STRIP = NO;
				DEBUG_INFORMATION_FORMAT = dwarf;
				ENABLE_STRICT_OBJC_MSGSEND = YES;
				ENABLE_TESTABILITY = YES;
				GCC_C_LANGUAGE_STANDARD = gnu11;
				GCC_DYNAMIC_NO_PIC = NO;
				GCC_NO_COMMON_BLOCKS = YES;
				GCC_OPTIMIZATION_LEVEL = 0;
				GCC_PREPROCESSOR_DEFINITIONS = (
					"DEBUG=1",
					"$(inherited)",
				);
				GCC_WARN_64_TO_32_BIT_CONVERSION = YES;
				GCC_WARN_ABOUT_RETURN_TYPE = YES_ERROR;
				GCC_WARN_UNDECLARED_SELECTOR = YES;
				GCC_WARN_UNINITIALIZED_AUTOS = YES_AGGRESSIVE;
				GCC_WARN_UNUSED_FUNCTION = YES;
				GCC_WARN_UNUSED_VARIABLE = YES;
				MTL_ENABLE_DEBUG_INFO = INCLUDE_SOURCE;
				MTL_FAST_MATH = YES;
				ONLY_ACTIVE_ARCH = YES;
			};
			name = Debug;
		};
		C9F8358829EC4FCB00C2C010 /* Release */ = {
			isa = XCBuildConfiguration;
			buildSettings = {
				ALWAYS_SEARCH_USER_PATHS = NO;
				CLANG_ANALYZER_NONNULL = YES;
				CLANG_ANALYZER_NUMBER_OBJECT_CONVERSION = YES_AGGRESSIVE;
				CLANG_CXX_LANGUAGE_STANDARD = "gnu++20";
				CLANG_ENABLE_MODULES = YES;
				CLANG_ENABLE_OBJC_ARC = YES;
				CLANG_ENABLE_OBJC_WEAK = YES;
				CLANG_WARN_BLOCK_CAPTURE_AUTORELEASING = YES;
				CLANG_WARN_BOOL_CONVERSION = YES;
				CLANG_WARN_COMMA = YES;
				CLANG_WARN_CONSTANT_CONVERSION = YES;
				CLANG_WARN_DEPRECATED_OBJC_IMPLEMENTATIONS = YES;
				CLANG_WARN_DIRECT_OBJC_ISA_USAGE = YES_ERROR;
				CLANG_WARN_DOCUMENTATION_COMMENTS = YES;
				CLANG_WARN_EMPTY_BODY = YES;
				CLANG_WARN_ENUM_CONVERSION = YES;
				CLANG_WARN_INFINITE_RECURSION = YES;
				CLANG_WARN_INT_CONVERSION = YES;
				CLANG_WARN_NON_LITERAL_NULL_CONVERSION = YES;
				CLANG_WARN_OBJC_IMPLICIT_RETAIN_SELF = YES;
				CLANG_WARN_OBJC_LITERAL_CONVERSION = YES;
				CLANG_WARN_OBJC_ROOT_CLASS = YES_ERROR;
				CLANG_WARN_QUOTED_INCLUDE_IN_FRAMEWORK_HEADER = YES;
				CLANG_WARN_RANGE_LOOP_ANALYSIS = YES;
				CLANG_WARN_STRICT_PROTOTYPES = YES;
				CLANG_WARN_SUSPICIOUS_MOVE = YES;
				CLANG_WARN_UNGUARDED_AVAILABILITY = YES_AGGRESSIVE;
				CLANG_WARN_UNREACHABLE_CODE = YES;
				CLANG_WARN__DUPLICATE_METHOD_MATCH = YES;
				COPY_PHASE_STRIP = NO;
				DEBUG_INFORMATION_FORMAT = "dwarf-with-dsym";
				ENABLE_NS_ASSERTIONS = NO;
				ENABLE_STRICT_OBJC_MSGSEND = YES;
				GCC_C_LANGUAGE_STANDARD = gnu11;
				GCC_NO_COMMON_BLOCKS = YES;
				GCC_WARN_64_TO_32_BIT_CONVERSION = YES;
				GCC_WARN_ABOUT_RETURN_TYPE = YES_ERROR;
				GCC_WARN_UNDECLARED_SELECTOR = YES;
				GCC_WARN_UNINITIALIZED_AUTOS = YES_AGGRESSIVE;
				GCC_WARN_UNUSED_FUNCTION = YES;
				GCC_WARN_UNUSED_VARIABLE = YES;
				MTL_ENABLE_DEBUG_INFO = NO;
				MTL_FAST_MATH = YES;
			};
			name = Release;
		};
		C9F8358A29EC4FCB00C2C010 /* Debug */ = {
			isa = XCBuildConfiguration;
			buildSettings = {
				CODE_SIGN_STYLE = Automatic;
				DEBUGGING_SYMBOLS = YES;
				DEBUG_INFORMATION_FORMAT = dwarf;
				GCC_GENERATE_DEBUGGING_SYMBOLS = YES;
				GCC_OPTIMIZATION_LEVEL = 0;
				OTHER_CFLAGS = "";
				OTHER_LDFLAGS = "";
				PRODUCT_NAME = "$(TARGET_NAME)";
			};
			name = Debug;
		};
		C9F8358B29EC4FCB00C2C010 /* Release */ = {
			isa = XCBuildConfiguration;
			buildSettings = {
				CODE_SIGN_STYLE = Automatic;
				DEBUG_INFORMATION_FORMAT = "dwarf-with-dsym";
				OTHER_CFLAGS = "";
				OTHER_LDFLAGS = "";
				PRODUCT_NAME = "$(TARGET_NAME)";
			};
			name = Release;
		};
		C9F8359929EC9F2000C2C010 /* Debug */ = {
			isa = XCBuildConfiguration;
			buildSettings = {
				CODE_SIGN_STYLE = Automatic;
				MACOSX_DEPLOYMENT_TARGET = 13.1;
				PRODUCT_NAME = "$(TARGET_NAME)";
				SDKROOT = macosx;
			};
			name = Debug;
		};
		C9F8359A29EC9F2000C2C010 /* Release */ = {
			isa = XCBuildConfiguration;
			buildSettings = {
				CODE_SIGN_STYLE = Automatic;
				MACOSX_DEPLOYMENT_TARGET = 13.1;
				PRODUCT_NAME = "$(TARGET_NAME)";
				SDKROOT = macosx;
			};
			name = Release;
		};
		C9F842E429ECA18D00C2C010 /* Debug */ = {
			isa = XCBuildConfiguration;
			buildSettings = {
				CODE_SIGN_STYLE = Automatic;
				HEADER_SEARCH_PATHS = (
					"$(SRCROOT)/env/esp-idf/components/xtensa/include",
					"$(SRCROOT)/env/esp-idf/components/xtensa/esp32s3/include",
					"$(SRCROOT)/env/esp-idf/components/newlib/platform_include",
					"$(SRCROOT)/env/esp-idf/components/freertos/FreeRTOS-Kernel/include",
					"$(SRCROOT)/env/esp-idf/components/freertos/esp_additions/include/freertos",
					"$(SRCROOT)/env/esp-idf/components/freertos/FreeRTOS-Kernel/portable/xtensa/include",
					"$(SRCROOT)/env/esp-idf/components/freertos/esp_additions/include",
					"$(SRCROOT)/env/esp-idf/components/esp_hw_support/include",
					"$(SRCROOT)/env/esp-idf/components/esp_hw_support/include/soc",
					"$(SRCROOT)/env/esp-idf/components/esp_hw_support/include/soc/esp32s3",
					"$(SRCROOT)/env/esp-idf/components/esp_hw_support/port/esp32s3",
					"$(SRCROOT)/env/esp-idf/components/esp_hw_support/port/esp32s3/private_include",
					"$(SRCROOT)/env/esp-idf/components/heap/include",
					"$(SRCROOT)/env/esp-idf/components/log/include",
					"$(SRCROOT)/env/esp-idf/components/soc/include",
					"$(SRCROOT)/env/esp-idf/components/soc/esp32s3",
					"$(SRCROOT)/env/esp-idf/components/soc/esp32s3/include",
					"$(SRCROOT)/env/esp-idf/components/hal/esp32s3/include",
					"$(SRCROOT)/env/esp-idf/components/hal/include",
					"$(SRCROOT)/env/esp-idf/components/hal/platform_port/include",
					"$(SRCROOT)/env/esp-idf/components/esp_rom/include",
					"$(SRCROOT)/env/esp-idf/components/esp_rom/include/esp32s3",
					"$(SRCROOT)/env/esp-idf/components/esp_rom/esp32s3",
					"$(SRCROOT)/env/esp-idf/components/esp_common/include",
					"$(SRCROOT)/env/esp-idf/components/esp_system/include",
					"$(SRCROOT)/env/esp-idf/components/esp_system/port/soc",
					"$(SRCROOT)/env/esp-idf/components/esp_system/port/include/private",
					"$(SRCROOT)/env/esp-idf/components/lwip/include",
					"$(SRCROOT)/env/esp-idf/components/lwip/include/apps",
					"$(SRCROOT)/env/esp-idf/components/lwip/include/apps/sntp",
					"$(SRCROOT)/env/esp-idf/components/lwip/lwip/src/include",
					"$(SRCROOT)/env/esp-idf/components/lwip/port/esp32/include",
					"$(SRCROOT)/env/esp-idf/components/lwip/port/esp32/include/arch",
					"$(SRCROOT)/env/esp-idf/components/esp_ringbuf/include",
					"$(SRCROOT)/env/esp-idf/components/efuse/include",
					"$(SRCROOT)/env/esp-idf/components/efuse/esp32s3/include",
					"$(SRCROOT)/env/esp-idf/components/esp_timer/include",
					"$(SRCROOT)/env/esp-idf/components/driver/include",
					"$(SRCROOT)/env/esp-idf/components/driver/deprecated",
					"$(SRCROOT)/env/esp-idf/components/driver/esp32s3/include",
					"$(SRCROOT)/env/esp-idf/components/esp_pm/include",
					"$(SRCROOT)/env/esp-idf/components/mbedtls/port/include",
					"$(SRCROOT)/env/esp-idf/components/mbedtls/mbedtls/include",
					"$(SRCROOT)/env/esp-idf/components/mbedtls/mbedtls/library",
					"$(SRCROOT)/env/esp-idf/components/mbedtls/esp_crt_bundle/include",
					"$(SRCROOT)/env/esp-idf/components/esp_app_format/include",
					"$(SRCROOT)/env/esp-idf/components/bootloader_support/include",
					"$(SRCROOT)/env/esp-idf/components/bootloader_support/bootloader_flash/include",
					"$(SRCROOT)/env/esp-idf/components/esp_partition/include",
					"$(SRCROOT)/env/esp-idf/components/app_update/include",
					"$(SRCROOT)/env/esp-idf/components/spi_flash/include",
					"$(SRCROOT)/env/esp-idf/components/pthread/include",
					"$(SRCROOT)/env/esp-idf/components/app_trace/include",
					"$(SRCROOT)/env/esp-idf/components/esp_event/include",
					"$(SRCROOT)/env/esp-idf/components/nvs_flash/include",
					"$(SRCROOT)/env/esp-idf/components/esp_phy/include",
					"$(SRCROOT)/env/esp-idf/components/esp_phy/esp32s3/include",
					"$(SRCROOT)/env/esp-idf/components/vfs/include",
					"$(SRCROOT)/env/esp-idf/components/esp_netif/include",
					"$(SRCROOT)/env/esp-idf/components/wpa_supplicant/include",
					"$(SRCROOT)/env/esp-idf/components/wpa_supplicant/port/include",
					"$(SRCROOT)/env/esp-idf/components/wpa_supplicant/esp_supplicant/include",
					"$(SRCROOT)/env/esp-idf/components/esp_wifi/include",
					"$(SRCROOT)/env/esp-idf/components/unity/include",
					"$(SRCROOT)/env/esp-idf/components/unity/unity/src",
					"$(SRCROOT)/env/esp-idf/components/cmock/CMock/src",
					"$(SRCROOT)/env/esp-idf/components/console",
					"$(SRCROOT)/env/esp-idf/components/http_parser",
					"$(SRCROOT)/env/esp-idf/components/esp-tls",
					"$(SRCROOT)/env/esp-idf/components/esp-tls/esp-tls-crypto",
					"$(SRCROOT)/env/esp-idf/components/esp_adc/include",
					"$(SRCROOT)/env/esp-idf/components/esp_adc/interface",
					"$(SRCROOT)/env/esp-idf/components/esp_adc/esp32s3/include",
					"$(SRCROOT)/env/esp-idf/components/esp_adc/deprecated/include",
					"$(SRCROOT)/env/esp-idf/components/esp_eth/include",
					"$(SRCROOT)/env/esp-idf/components/esp_gdbstub/include",
					"$(SRCROOT)/env/esp-idf/components/esp_gdbstub/xtensa",
					"$(SRCROOT)/env/esp-idf/components/esp_gdbstub/esp32s3",
					"$(SRCROOT)/env/esp-idf/components/esp_hid/include",
					"$(SRCROOT)/env/esp-idf/components/tcp_transport/include",
					"$(SRCROOT)/env/esp-idf/components/esp_http_client/include",
					"$(SRCROOT)/env/esp-idf/components/esp_http_server/include",
					"$(SRCROOT)/env/esp-idf/components/esp_https_ota/include",
					"$(SRCROOT)/env/esp-idf/components/esp_lcd/include",
					"$(SRCROOT)/env/esp-idf/components/esp_lcd/interface",
					"$(SRCROOT)/env/esp-idf/components/protobuf-c/protobuf-c",
					"$(SRCROOT)/env/esp-idf/components/protocomm/include/common",
					"$(SRCROOT)/env/esp-idf/components/protocomm/include/security",
					"$(SRCROOT)/env/esp-idf/components/protocomm/include/transports",
					"$(SRCROOT)/env/esp-idf/components/esp_local_ctrl/include",
					"$(SRCROOT)/env/esp-idf/components/esp_psram/include",
					"$(SRCROOT)/env/esp-idf/components/espcoredump/include",
					"$(SRCROOT)/env/esp-idf/components/espcoredump/include/port/xtensa",
					"$(SRCROOT)/env/esp-idf/components/wear_levelling/include",
					"$(SRCROOT)/env/esp-idf/components/sdmmc/include",
					"$(SRCROOT)/env/esp-idf/components/fatfs/diskio",
					"$(SRCROOT)/env/esp-idf/components/fatfs/vfs",
					"$(SRCROOT)/env/esp-idf/components/fatfs/src",
					"$(SRCROOT)/env/esp-idf/components/idf_test/include",
					"$(SRCROOT)/env/esp-idf/components/idf_test/include/esp32s3",
					"$(SRCROOT)/env/esp-idf/components/ieee802154/include",
					"$(SRCROOT)/env/esp-idf/components/json/cJSON",
					"$(SRCROOT)/env/esp-idf/components/mqtt/esp-mqtt/include",
					"$(SRCROOT)/env/esp-idf/components/perfmon/include",
					"$(SRCROOT)/env/esp-idf/components/spiffs/include",
					"$(SRCROOT)/env/esp-idf/components/touch_element/include",
					"$(SRCROOT)/env/esp-idf/components/ulp/ulp_common/include",
					"$(SRCROOT)/env/esp-idf/components/ulp/ulp_common/include/esp32s3",
					"$(SRCROOT)/env/esp-idf/components/usb/include",
					"$(SRCROOT)/env/esp-idf/components/wifi_provisioning/include",
				);
				LIBRARY_SEARCH_PATHS = (
					"$(inherited)",
					"$(PROJECT_DIR)/HelloWorld/build/bootloader/esp-idf/bootloader_support",
					"$(PROJECT_DIR)/HelloWorld/build/bootloader/esp-idf/esp_app_format",
					"$(PROJECT_DIR)/HelloWorld/build/bootloader/esp-idf/xtensa",
					"$(PROJECT_DIR)/HelloWorld/build/bootloader/esp-idf/esp_hw_support",
					"$(PROJECT_DIR)/HelloWorld/build/bootloader/esp-idf/hal",
					"$(PROJECT_DIR)/HelloWorld/build/bootloader/esp-idf/soc",
					"$(PROJECT_DIR)/HelloWorld/build/bootloader/esp-idf/esp_system",
					"$(PROJECT_DIR)/HelloWorld/build/bootloader/esp-idf/esp_common",
					"$(PROJECT_DIR)/HelloWorld/build/bootloader/esp-idf/log",
					"$(PROJECT_DIR)/HelloWorld/build/bootloader/esp-idf/main",
					"$(PROJECT_DIR)/HelloWorld/build/bootloader/esp-idf/spi_flash",
					"$(PROJECT_DIR)/HelloWorld/build/bootloader/esp-idf/esp_rom",
					"$(PROJECT_DIR)/HelloWorld/build/bootloader/esp-idf/micro-ecc",
					"$(PROJECT_DIR)/HelloWorld/build/bootloader/esp-idf/efuse",
					"$(PROJECT_DIR)/HelloWorld/build/esp-idf/bootloader_support",
					"$(PROJECT_DIR)/HelloWorld/build/esp-idf/unity",
					"$(PROJECT_DIR)/HelloWorld/build/esp-idf/esp_phy",
					"$(PROJECT_DIR)/HelloWorld/build/esp-idf/wear_levelling",
					"$(PROJECT_DIR)/HelloWorld/build/esp-idf/fatfs",
					"$(PROJECT_DIR)/HelloWorld/build/esp-idf/vfs",
					"$(PROJECT_DIR)/HelloWorld/build/esp-idf/perfmon",
					"$(PROJECT_DIR)/HelloWorld/build/esp-idf/esp_mm",
					"$(PROJECT_DIR)/HelloWorld/build/esp-idf/esp_app_format",
					"$(PROJECT_DIR)/HelloWorld/build/esp-idf/xtensa",
					"$(PROJECT_DIR)/HelloWorld/build/esp-idf/espcoredump",
					"$(PROJECT_DIR)/HelloWorld/build/esp-idf/esp_hw_support",
					"$(PROJECT_DIR)/HelloWorld/build/esp-idf/spiffs",
					"$(PROJECT_DIR)/HelloWorld/build/esp-idf/hal",
					"$(PROJECT_DIR)/HelloWorld/build/esp-idf/driver",
					"$(PROJECT_DIR)/HelloWorld/build/esp-idf/lwip",
					"$(PROJECT_DIR)/HelloWorld/build/esp-idf/soc",
					"$(PROJECT_DIR)/HelloWorld/build/esp-idf/esp_system",
					"$(PROJECT_DIR)/HelloWorld/build/esp-idf/esp_event",
					"$(PROJECT_DIR)/HelloWorld/build/esp-idf/esp_common",
					"$(PROJECT_DIR)/HelloWorld/build/esp-idf/protobuf-c",
					"$(PROJECT_DIR)/HelloWorld/build/esp-idf/cxx",
					"$(PROJECT_DIR)/HelloWorld/build/esp-idf/mbedtls/mbedtls/library",
					"$(PROJECT_DIR)/HelloWorld/build/esp-idf/mbedtls",
					"$(PROJECT_DIR)/HelloWorld/build/esp-idf/esp_partition",
					"$(PROJECT_DIR)/HelloWorld/build/esp-idf/newlib",
					"$(PROJECT_DIR)/HelloWorld/build/esp-idf/app_update",
					"$(PROJECT_DIR)/HelloWorld/build/esp-idf/esp_http_client",
					"$(PROJECT_DIR)/HelloWorld/build/esp-idf/freertos",
					"$(PROJECT_DIR)/HelloWorld/build/esp-idf/esp_coex",
					"$(PROJECT_DIR)/HelloWorld/build/esp-idf/tcp_transport",
					"$(PROJECT_DIR)/HelloWorld/build/esp-idf/pthread",
					"$(PROJECT_DIR)/HelloWorld/build/esp-idf/esp_https_ota",
					"$(PROJECT_DIR)/HelloWorld/build/esp-idf/http_parser",
					"$(PROJECT_DIR)/HelloWorld/build/esp-idf/protocomm",
					"$(PROJECT_DIR)/HelloWorld/build/esp-idf/esp_local_ctrl",
					"$(PROJECT_DIR)/HelloWorld/build/esp-idf/esp_pm",
					"$(PROJECT_DIR)/HelloWorld/build/esp-idf/json",
					"$(PROJECT_DIR)/HelloWorld/build/esp-idf/heap",
					"$(PROJECT_DIR)/HelloWorld/build/esp-idf/sdmmc",
					"$(PROJECT_DIR)/HelloWorld/build/esp-idf/esp_eth",
					"$(PROJECT_DIR)/HelloWorld/build/esp-idf/wpa_supplicant",
					"$(PROJECT_DIR)/HelloWorld/build/esp-idf/esp_ringbuf",
					"$(PROJECT_DIR)/HelloWorld/build/esp-idf/esp_gdbstub",
					"$(PROJECT_DIR)/HelloWorld/build/esp-idf/log",
					"$(PROJECT_DIR)/HelloWorld/build/esp-idf/esp_lcd",
					"$(PROJECT_DIR)/HelloWorld/build/esp-idf/wifi_provisioning",
					"$(PROJECT_DIR)/HelloWorld/build/esp-idf/cmock",
					"$(PROJECT_DIR)/HelloWorld/build/esp-idf/mqtt",
					"$(PROJECT_DIR)/HelloWorld/build/esp-idf/esp_hid",
					"$(PROJECT_DIR)/HelloWorld/build/esp-idf/ulp",
					"$(PROJECT_DIR)/HelloWorld/build/esp-idf/main",
					"$(PROJECT_DIR)/HelloWorld/build/esp-idf/spi_flash",
					"$(PROJECT_DIR)/HelloWorld/build/esp-idf/esp_rom",
					"$(PROJECT_DIR)/HelloWorld/build/esp-idf/esp_timer",
					"$(PROJECT_DIR)/HelloWorld/build/esp-idf/esp-tls",
					"$(PROJECT_DIR)/HelloWorld/build/esp-idf/efuse",
					"$(PROJECT_DIR)/HelloWorld/build/esp-idf/nvs_flash",
					"$(PROJECT_DIR)/HelloWorld/build/esp-idf/esp_wifi",
					"$(PROJECT_DIR)/HelloWorld/build/esp-idf/app_trace",
					"$(PROJECT_DIR)/HelloWorld/build/esp-idf/esp_http_server",
					"$(PROJECT_DIR)/HelloWorld/build/esp-idf/esp_adc",
					"$(PROJECT_DIR)/HelloWorld/build/esp-idf/esp_netif",
					"$(PROJECT_DIR)/HelloWorld/build/esp-idf/console",
				);
				MACOSX_DEPLOYMENT_TARGET = 13.1;
				PRODUCT_NAME = "$(TARGET_NAME)";
				SDKROOT = macosx;
			};
			name = Debug;
		};
		C9F842E529ECA18D00C2C010 /* Release */ = {
			isa = XCBuildConfiguration;
			buildSettings = {
				CODE_SIGN_STYLE = Automatic;
				HEADER_SEARCH_PATHS = (
					"$(SRCROOT)/env/esp-idf/components/xtensa/include",
					"$(SRCROOT)/env/esp-idf/components/xtensa/esp32s3/include",
					"$(SRCROOT)/env/esp-idf/components/newlib/platform_include",
					"$(SRCROOT)/env/esp-idf/components/freertos/FreeRTOS-Kernel/include",
					"$(SRCROOT)/env/esp-idf/components/freertos/esp_additions/include/freertos",
					"$(SRCROOT)/env/esp-idf/components/freertos/FreeRTOS-Kernel/portable/xtensa/include",
					"$(SRCROOT)/env/esp-idf/components/freertos/esp_additions/include",
					"$(SRCROOT)/env/esp-idf/components/esp_hw_support/include",
					"$(SRCROOT)/env/esp-idf/components/esp_hw_support/include/soc",
					"$(SRCROOT)/env/esp-idf/components/esp_hw_support/include/soc/esp32s3",
					"$(SRCROOT)/env/esp-idf/components/esp_hw_support/port/esp32s3",
					"$(SRCROOT)/env/esp-idf/components/esp_hw_support/port/esp32s3/private_include",
					"$(SRCROOT)/env/esp-idf/components/heap/include",
					"$(SRCROOT)/env/esp-idf/components/log/include",
					"$(SRCROOT)/env/esp-idf/components/soc/include",
					"$(SRCROOT)/env/esp-idf/components/soc/esp32s3",
					"$(SRCROOT)/env/esp-idf/components/soc/esp32s3/include",
					"$(SRCROOT)/env/esp-idf/components/hal/esp32s3/include",
					"$(SRCROOT)/env/esp-idf/components/hal/include",
					"$(SRCROOT)/env/esp-idf/components/hal/platform_port/include",
					"$(SRCROOT)/env/esp-idf/components/esp_rom/include",
					"$(SRCROOT)/env/esp-idf/components/esp_rom/include/esp32s3",
					"$(SRCROOT)/env/esp-idf/components/esp_rom/esp32s3",
					"$(SRCROOT)/env/esp-idf/components/esp_common/include",
					"$(SRCROOT)/env/esp-idf/components/esp_system/include",
					"$(SRCROOT)/env/esp-idf/components/esp_system/port/soc",
					"$(SRCROOT)/env/esp-idf/components/esp_system/port/include/private",
					"$(SRCROOT)/env/esp-idf/components/lwip/include",
					"$(SRCROOT)/env/esp-idf/components/lwip/include/apps",
					"$(SRCROOT)/env/esp-idf/components/lwip/include/apps/sntp",
					"$(SRCROOT)/env/esp-idf/components/lwip/lwip/src/include",
					"$(SRCROOT)/env/esp-idf/components/lwip/port/esp32/include",
					"$(SRCROOT)/env/esp-idf/components/lwip/port/esp32/include/arch",
					"$(SRCROOT)/env/esp-idf/components/esp_ringbuf/include",
					"$(SRCROOT)/env/esp-idf/components/efuse/include",
					"$(SRCROOT)/env/esp-idf/components/efuse/esp32s3/include",
					"$(SRCROOT)/env/esp-idf/components/esp_timer/include",
					"$(SRCROOT)/env/esp-idf/components/driver/include",
					"$(SRCROOT)/env/esp-idf/components/driver/deprecated",
					"$(SRCROOT)/env/esp-idf/components/driver/esp32s3/include",
					"$(SRCROOT)/env/esp-idf/components/esp_pm/include",
					"$(SRCROOT)/env/esp-idf/components/mbedtls/port/include",
					"$(SRCROOT)/env/esp-idf/components/mbedtls/mbedtls/include",
					"$(SRCROOT)/env/esp-idf/components/mbedtls/mbedtls/library",
					"$(SRCROOT)/env/esp-idf/components/mbedtls/esp_crt_bundle/include",
					"$(SRCROOT)/env/esp-idf/components/esp_app_format/include",
					"$(SRCROOT)/env/esp-idf/components/bootloader_support/include",
					"$(SRCROOT)/env/esp-idf/components/bootloader_support/bootloader_flash/include",
					"$(SRCROOT)/env/esp-idf/components/esp_partition/include",
					"$(SRCROOT)/env/esp-idf/components/app_update/include",
					"$(SRCROOT)/env/esp-idf/components/spi_flash/include",
					"$(SRCROOT)/env/esp-idf/components/pthread/include",
					"$(SRCROOT)/env/esp-idf/components/app_trace/include",
					"$(SRCROOT)/env/esp-idf/components/esp_event/include",
					"$(SRCROOT)/env/esp-idf/components/nvs_flash/include",
					"$(SRCROOT)/env/esp-idf/components/esp_phy/include",
					"$(SRCROOT)/env/esp-idf/components/esp_phy/esp32s3/include",
					"$(SRCROOT)/env/esp-idf/components/vfs/include",
					"$(SRCROOT)/env/esp-idf/components/esp_netif/include",
					"$(SRCROOT)/env/esp-idf/components/wpa_supplicant/include",
					"$(SRCROOT)/env/esp-idf/components/wpa_supplicant/port/include",
					"$(SRCROOT)/env/esp-idf/components/wpa_supplicant/esp_supplicant/include",
					"$(SRCROOT)/env/esp-idf/components/esp_wifi/include",
					"$(SRCROOT)/env/esp-idf/components/unity/include",
					"$(SRCROOT)/env/esp-idf/components/unity/unity/src",
					"$(SRCROOT)/env/esp-idf/components/cmock/CMock/src",
					"$(SRCROOT)/env/esp-idf/components/console",
					"$(SRCROOT)/env/esp-idf/components/http_parser",
					"$(SRCROOT)/env/esp-idf/components/esp-tls",
					"$(SRCROOT)/env/esp-idf/components/esp-tls/esp-tls-crypto",
					"$(SRCROOT)/env/esp-idf/components/esp_adc/include",
					"$(SRCROOT)/env/esp-idf/components/esp_adc/interface",
					"$(SRCROOT)/env/esp-idf/components/esp_adc/esp32s3/include",
					"$(SRCROOT)/env/esp-idf/components/esp_adc/deprecated/include",
					"$(SRCROOT)/env/esp-idf/components/esp_eth/include",
					"$(SRCROOT)/env/esp-idf/components/esp_gdbstub/include",
					"$(SRCROOT)/env/esp-idf/components/esp_gdbstub/xtensa",
					"$(SRCROOT)/env/esp-idf/components/esp_gdbstub/esp32s3",
					"$(SRCROOT)/env/esp-idf/components/esp_hid/include",
					"$(SRCROOT)/env/esp-idf/components/tcp_transport/include",
					"$(SRCROOT)/env/esp-idf/components/esp_http_client/include",
					"$(SRCROOT)/env/esp-idf/components/esp_http_server/include",
					"$(SRCROOT)/env/esp-idf/components/esp_https_ota/include",
					"$(SRCROOT)/env/esp-idf/components/esp_lcd/include",
					"$(SRCROOT)/env/esp-idf/components/esp_lcd/interface",
					"$(SRCROOT)/env/esp-idf/components/protobuf-c/protobuf-c",
					"$(SRCROOT)/env/esp-idf/components/protocomm/include/common",
					"$(SRCROOT)/env/esp-idf/components/protocomm/include/security",
					"$(SRCROOT)/env/esp-idf/components/protocomm/include/transports",
					"$(SRCROOT)/env/esp-idf/components/esp_local_ctrl/include",
					"$(SRCROOT)/env/esp-idf/components/esp_psram/include",
					"$(SRCROOT)/env/esp-idf/components/espcoredump/include",
					"$(SRCROOT)/env/esp-idf/components/espcoredump/include/port/xtensa",
					"$(SRCROOT)/env/esp-idf/components/wear_levelling/include",
					"$(SRCROOT)/env/esp-idf/components/sdmmc/include",
					"$(SRCROOT)/env/esp-idf/components/fatfs/diskio",
					"$(SRCROOT)/env/esp-idf/components/fatfs/vfs",
					"$(SRCROOT)/env/esp-idf/components/fatfs/src",
					"$(SRCROOT)/env/esp-idf/components/idf_test/include",
					"$(SRCROOT)/env/esp-idf/components/idf_test/include/esp32s3",
					"$(SRCROOT)/env/esp-idf/components/ieee802154/include",
					"$(SRCROOT)/env/esp-idf/components/json/cJSON",
					"$(SRCROOT)/env/esp-idf/components/mqtt/esp-mqtt/include",
					"$(SRCROOT)/env/esp-idf/components/perfmon/include",
					"$(SRCROOT)/env/esp-idf/components/spiffs/include",
					"$(SRCROOT)/env/esp-idf/components/touch_element/include",
					"$(SRCROOT)/env/esp-idf/components/ulp/ulp_common/include",
					"$(SRCROOT)/env/esp-idf/components/ulp/ulp_common/include/esp32s3",
					"$(SRCROOT)/env/esp-idf/components/usb/include",
					"$(SRCROOT)/env/esp-idf/components/wifi_provisioning/include",
				);
				LIBRARY_SEARCH_PATHS = (
					"$(inherited)",
					"$(PROJECT_DIR)/HelloWorld/build/bootloader/esp-idf/bootloader_support",
					"$(PROJECT_DIR)/HelloWorld/build/bootloader/esp-idf/esp_app_format",
					"$(PROJECT_DIR)/HelloWorld/build/bootloader/esp-idf/xtensa",
					"$(PROJECT_DIR)/HelloWorld/build/bootloader/esp-idf/esp_hw_support",
					"$(PROJECT_DIR)/HelloWorld/build/bootloader/esp-idf/hal",
					"$(PROJECT_DIR)/HelloWorld/build/bootloader/esp-idf/soc",
					"$(PROJECT_DIR)/HelloWorld/build/bootloader/esp-idf/esp_system",
					"$(PROJECT_DIR)/HelloWorld/build/bootloader/esp-idf/esp_common",
					"$(PROJECT_DIR)/HelloWorld/build/bootloader/esp-idf/log",
					"$(PROJECT_DIR)/HelloWorld/build/bootloader/esp-idf/main",
					"$(PROJECT_DIR)/HelloWorld/build/bootloader/esp-idf/spi_flash",
					"$(PROJECT_DIR)/HelloWorld/build/bootloader/esp-idf/esp_rom",
					"$(PROJECT_DIR)/HelloWorld/build/bootloader/esp-idf/micro-ecc",
					"$(PROJECT_DIR)/HelloWorld/build/bootloader/esp-idf/efuse",
					"$(PROJECT_DIR)/HelloWorld/build/esp-idf/bootloader_support",
					"$(PROJECT_DIR)/HelloWorld/build/esp-idf/unity",
					"$(PROJECT_DIR)/HelloWorld/build/esp-idf/esp_phy",
					"$(PROJECT_DIR)/HelloWorld/build/esp-idf/wear_levelling",
					"$(PROJECT_DIR)/HelloWorld/build/esp-idf/fatfs",
					"$(PROJECT_DIR)/HelloWorld/build/esp-idf/vfs",
					"$(PROJECT_DIR)/HelloWorld/build/esp-idf/perfmon",
					"$(PROJECT_DIR)/HelloWorld/build/esp-idf/esp_mm",
					"$(PROJECT_DIR)/HelloWorld/build/esp-idf/esp_app_format",
					"$(PROJECT_DIR)/HelloWorld/build/esp-idf/xtensa",
					"$(PROJECT_DIR)/HelloWorld/build/esp-idf/espcoredump",
					"$(PROJECT_DIR)/HelloWorld/build/esp-idf/esp_hw_support",
					"$(PROJECT_DIR)/HelloWorld/build/esp-idf/spiffs",
					"$(PROJECT_DIR)/HelloWorld/build/esp-idf/hal",
					"$(PROJECT_DIR)/HelloWorld/build/esp-idf/driver",
					"$(PROJECT_DIR)/HelloWorld/build/esp-idf/lwip",
					"$(PROJECT_DIR)/HelloWorld/build/esp-idf/soc",
					"$(PROJECT_DIR)/HelloWorld/build/esp-idf/esp_system",
					"$(PROJECT_DIR)/HelloWorld/build/esp-idf/esp_event",
					"$(PROJECT_DIR)/HelloWorld/build/esp-idf/esp_common",
					"$(PROJECT_DIR)/HelloWorld/build/esp-idf/protobuf-c",
					"$(PROJECT_DIR)/HelloWorld/build/esp-idf/cxx",
					"$(PROJECT_DIR)/HelloWorld/build/esp-idf/mbedtls/mbedtls/library",
					"$(PROJECT_DIR)/HelloWorld/build/esp-idf/mbedtls",
					"$(PROJECT_DIR)/HelloWorld/build/esp-idf/esp_partition",
					"$(PROJECT_DIR)/HelloWorld/build/esp-idf/newlib",
					"$(PROJECT_DIR)/HelloWorld/build/esp-idf/app_update",
					"$(PROJECT_DIR)/HelloWorld/build/esp-idf/esp_http_client",
					"$(PROJECT_DIR)/HelloWorld/build/esp-idf/freertos",
					"$(PROJECT_DIR)/HelloWorld/build/esp-idf/esp_coex",
					"$(PROJECT_DIR)/HelloWorld/build/esp-idf/tcp_transport",
					"$(PROJECT_DIR)/HelloWorld/build/esp-idf/pthread",
					"$(PROJECT_DIR)/HelloWorld/build/esp-idf/esp_https_ota",
					"$(PROJECT_DIR)/HelloWorld/build/esp-idf/http_parser",
					"$(PROJECT_DIR)/HelloWorld/build/esp-idf/protocomm",
					"$(PROJECT_DIR)/HelloWorld/build/esp-idf/esp_local_ctrl",
					"$(PROJECT_DIR)/HelloWorld/build/esp-idf/esp_pm",
					"$(PROJECT_DIR)/HelloWorld/build/esp-idf/json",
					"$(PROJECT_DIR)/HelloWorld/build/esp-idf/heap",
					"$(PROJECT_DIR)/HelloWorld/build/esp-idf/sdmmc",
					"$(PROJECT_DIR)/HelloWorld/build/esp-idf/esp_eth",
					"$(PROJECT_DIR)/HelloWorld/build/esp-idf/wpa_supplicant",
					"$(PROJECT_DIR)/HelloWorld/build/esp-idf/esp_ringbuf",
					"$(PROJECT_DIR)/HelloWorld/build/esp-idf/esp_gdbstub",
					"$(PROJECT_DIR)/HelloWorld/build/esp-idf/log",
					"$(PROJECT_DIR)/HelloWorld/build/esp-idf/esp_lcd",
					"$(PROJECT_DIR)/HelloWorld/build/esp-idf/wifi_provisioning",
					"$(PROJECT_DIR)/HelloWorld/build/esp-idf/cmock",
					"$(PROJECT_DIR)/HelloWorld/build/esp-idf/mqtt",
					"$(PROJECT_DIR)/HelloWorld/build/esp-idf/esp_hid",
					"$(PROJECT_DIR)/HelloWorld/build/esp-idf/ulp",
					"$(PROJECT_DIR)/HelloWorld/build/esp-idf/main",
					"$(PROJECT_DIR)/HelloWorld/build/esp-idf/spi_flash",
					"$(PROJECT_DIR)/HelloWorld/build/esp-idf/esp_rom",
					"$(PROJECT_DIR)/HelloWorld/build/esp-idf/esp_timer",
					"$(PROJECT_DIR)/HelloWorld/build/esp-idf/esp-tls",
					"$(PROJECT_DIR)/HelloWorld/build/esp-idf/efuse",
					"$(PROJECT_DIR)/HelloWorld/build/esp-idf/nvs_flash",
					"$(PROJECT_DIR)/HelloWorld/build/esp-idf/esp_wifi",
					"$(PROJECT_DIR)/HelloWorld/build/esp-idf/app_trace",
					"$(PROJECT_DIR)/HelloWorld/build/esp-idf/esp_http_server",
					"$(PROJECT_DIR)/HelloWorld/build/esp-idf/esp_adc",
					"$(PROJECT_DIR)/HelloWorld/build/esp-idf/esp_netif",
					"$(PROJECT_DIR)/HelloWorld/build/esp-idf/console",
				);
				MACOSX_DEPLOYMENT_TARGET = 13.1;
				PRODUCT_NAME = "$(TARGET_NAME)";
				SDKROOT = macosx;
			};
			name = Release;
		};
/* End XCBuildConfiguration section */

/* Begin XCConfigurationList section */
		C9F8358529EC4FCB00C2C010 /* Build configuration list for PBXProject "HelloWorld" */ = {
			isa = XCConfigurationList;
			buildConfigurations = (
				C9F8358729EC4FCB00C2C010 /* Debug */,
				C9F8358829EC4FCB00C2C010 /* Release */,
			);
			defaultConfigurationIsVisible = 0;
			defaultConfigurationName = Release;
		};
		C9F8358929EC4FCB00C2C010 /* Build configuration list for PBXLegacyTarget "HelloWorld" */ = {
			isa = XCConfigurationList;
			buildConfigurations = (
				C9F8358A29EC4FCB00C2C010 /* Debug */,
				C9F8358B29EC4FCB00C2C010 /* Release */,
			);
			defaultConfigurationIsVisible = 0;
			defaultConfigurationName = Release;
		};
		C9F8359829EC9F2000C2C010 /* Build configuration list for PBXNativeTarget "XcodeRun" */ = {
			isa = XCConfigurationList;
			buildConfigurations = (
				C9F8359929EC9F2000C2C010 /* Debug */,
				C9F8359A29EC9F2000C2C010 /* Release */,
			);
			defaultConfigurationIsVisible = 0;
			defaultConfigurationName = Release;
		};
		C9F842E329ECA18D00C2C010 /* Build configuration list for PBXNativeTarget "Autocompletion" */ = {
			isa = XCConfigurationList;
			buildConfigurations = (
				C9F842E429ECA18D00C2C010 /* Debug */,
				C9F842E529ECA18D00C2C010 /* Release */,
			);
			defaultConfigurationIsVisible = 0;
			defaultConfigurationName = Release;
		};
/* End XCConfigurationList section */
	};
	rootObject = C9F8358229EC4FCB00C2C010 /* Project object */;
}
